
Microsoft Visual Studio Solution File, Format Version 11.00
# Visual Studio 2010
Project("{2150E333-8FDC-42A3-9474-1A3956D46DE8}") = "Client", "Client", "{9F0F52B7-2435-4E19-A8F2-450031975F19}"
EndProject
Project("{2150E333-8FDC-42A3-9474-1A3956D46DE8}") = "Server 5.0", "Server 5.0", "{97E18AE7-40FE-4DA4-A1B7-A3901AFE1B7B}"
EndProject
Project("{2150E333-8FDC-42A3-9474-1A3956D46DE8}") = "Controls", "Controls", "{AA4494B8-27CD-4369-8B5D-E2327B39EA52}"
EndProject
Project("{FAE04EC0-301F-11D3-BF4B-00C04F79EFBC}") = "RosControl", "..\Control\RosControl.csproj", "{1289B33F-E200-4F3B-8E5F-5D2DAA38D4F8}"
EndProject
Project("{FAE04EC0-301F-11D3-BF4B-00C04F79EFBC}") = "RosApplication", "RosApplication.csproj", "{A5F67579-480B-486B-A3ED-FB78E37039F6}"
EndProject
Project("{FAE04EC0-301F-11D3-BF4B-00C04F79EFBC}") = "RosClient", "..\Client\RosClient.csproj", "{73A33F71-BD61-4F93-85D1-0B168ED899C6}"
EndProject
Project("{FAE04EC0-301F-11D3-BF4B-00C04F79EFBC}") = "Setup", "..\Server 5.0\Setup\Setup.csproj", "{C6AB30B2-863F-4ABE-A4CF-6C54850086BA}"
EndProject
Project("{FAE04EC0-301F-11D3-BF4B-00C04F79EFBC}") = "RosServer", "..\Server 5.0\Server\RosServer.csproj", "{05EE7A47-AD37-411B-AF6D-BF91BD0F7344}"
EndProject
Project("{FAE04EC0-301F-11D3-BF4B-00C04F79EFBC}") = "Converter.DB", "..\Server 5.0\Converter.DB\Converter.DB.csproj", "{A1925F08-6470-42C2-907A-03EE35EF5F51}"
EndProject
Project("{FAE04EC0-301F-11D3-BF4B-00C04F79EFBC}") = "WPFToolkit", "..\SDK\Toolkit-release\WPFToolkit.csproj", "{9606A078-7135-4CE7-879E-39FCF527F1A3}"
EndProject
Project("{FAE04EC0-301F-11D3-BF4B-00C04F79EFBC}") = "Controls.DataVisualization.Toolkit", "C:\Users\Administrator\Desktop\Toolkit-release\DataVisualization\Controls.DataVisualization.Toolkit.csproj", "{066FB4E3-8F9C-42D0-9982-8B1F238FAF63}"
EndProject
Project("{2150E333-8FDC-42A3-9474-1A3956D46DE8}") = "Client 5.0", "Client 5.0", "{AEDC60BC-33AC-4F88-94B7-37CFDD75EB23}"
EndProject
Project("{FAE04EC0-301F-11D3-BF4B-00C04F79EFBC}") = "HyperСloud.Client", "..\Client 5.0\HyperСloud.Client.csproj", "{BF334B69-E2BD-4CF8-81A5-6C523EE9BC9A}"
EndProject
Global
	GlobalSection(SolutionConfigurationPlatforms) = preSolution
		Debug|.NET = Debug|.NET
		Debug|Any CPU = Debug|Any CPU
		Debug|Mixed Platforms = Debug|Mixed Platforms
		Debug|x86 = Debug|x86
		MonoTouch|.NET = MonoTouch|.NET
		MonoTouch|Any CPU = MonoTouch|Any CPU
		MonoTouch|Mixed Platforms = MonoTouch|Mixed Platforms
		MonoTouch|x86 = MonoTouch|x86
		Release with Code Analysis|.NET = Release with Code Analysis|.NET
		Release with Code Analysis|Any CPU = Release with Code Analysis|Any CPU
		Release with Code Analysis|Mixed Platforms = Release with Code Analysis|Mixed Platforms
		Release with Code Analysis|x86 = Release with Code Analysis|x86
		Release|.NET = Release|.NET
		Release|Any CPU = Release|Any CPU
		Release|Mixed Platforms = Release|Mixed Platforms
		Release|x86 = Release|x86
		STATIC_ONLY NO_EXPRESSIONS|.NET = STATIC_ONLY NO_EXPRESSIONS|.NET
		STATIC_ONLY NO_EXPRESSIONS|Any CPU = STATIC_ONLY NO_EXPRESSIONS|Any CPU
		STATIC_ONLY NO_EXPRESSIONS|Mixed Platforms = STATIC_ONLY NO_EXPRESSIONS|Mixed Platforms
		STATIC_ONLY NO_EXPRESSIONS|x86 = STATIC_ONLY NO_EXPRESSIONS|x86
	EndGlobalSection
	GlobalSection(ProjectConfigurationPlatforms) = postSolution
		{1289B33F-E200-4F3B-8E5F-5D2DAA38D4F8}.Debug|.NET.ActiveCfg = Debug|Any CPU
		{1289B33F-E200-4F3B-8E5F-5D2DAA38D4F8}.Debug|Any CPU.ActiveCfg = Debug|Any CPU
		{1289B33F-E200-4F3B-8E5F-5D2DAA38D4F8}.Debug|Any CPU.Build.0 = Debug|Any CPU
		{1289B33F-E200-4F3B-8E5F-5D2DAA38D4F8}.Debug|Mixed Platforms.ActiveCfg = Debug|Any CPU
		{1289B33F-E200-4F3B-8E5F-5D2DAA38D4F8}.Debug|Mixed Platforms.Build.0 = Debug|Any CPU
		{1289B33F-E200-4F3B-8E5F-5D2DAA38D4F8}.Debug|x86.ActiveCfg = Debug|Any CPU
		{1289B33F-E200-4F3B-8E5F-5D2DAA38D4F8}.MonoTouch|.NET.ActiveCfg = Release|Any CPU
		{1289B33F-E200-4F3B-8E5F-5D2DAA38D4F8}.MonoTouch|Any CPU.ActiveCfg = Release|Any CPU
		{1289B33F-E200-4F3B-8E5F-5D2DAA38D4F8}.MonoTouch|Any CPU.Build.0 = Release|Any CPU
		{1289B33F-E200-4F3B-8E5F-5D2DAA38D4F8}.MonoTouch|Mixed Platforms.ActiveCfg = Release|Any CPU
		{1289B33F-E200-4F3B-8E5F-5D2DAA38D4F8}.MonoTouch|Mixed Platforms.Build.0 = Release|Any CPU
		{1289B33F-E200-4F3B-8E5F-5D2DAA38D4F8}.MonoTouch|x86.ActiveCfg = Release|Any CPU
		{1289B33F-E200-4F3B-8E5F-5D2DAA38D4F8}.Release with Code Analysis|.NET.ActiveCfg = Release|Any CPU
		{1289B33F-E200-4F3B-8E5F-5D2DAA38D4F8}.Release with Code Analysis|Any CPU.ActiveCfg = Release|Any CPU
		{1289B33F-E200-4F3B-8E5F-5D2DAA38D4F8}.Release with Code Analysis|Any CPU.Build.0 = Release|Any CPU
		{1289B33F-E200-4F3B-8E5F-5D2DAA38D4F8}.Release with Code Analysis|Mixed Platforms.ActiveCfg = Release|Any CPU
		{1289B33F-E200-4F3B-8E5F-5D2DAA38D4F8}.Release with Code Analysis|Mixed Platforms.Build.0 = Release|Any CPU
		{1289B33F-E200-4F3B-8E5F-5D2DAA38D4F8}.Release with Code Analysis|x86.ActiveCfg = Release|Any CPU
		{1289B33F-E200-4F3B-8E5F-5D2DAA38D4F8}.Release|.NET.ActiveCfg = Release|Any CPU
		{1289B33F-E200-4F3B-8E5F-5D2DAA38D4F8}.Release|Any CPU.ActiveCfg = Release|Any CPU
		{1289B33F-E200-4F3B-8E5F-5D2DAA38D4F8}.Release|Any CPU.Build.0 = Release|Any CPU
		{1289B33F-E200-4F3B-8E5F-5D2DAA38D4F8}.Release|Mixed Platforms.ActiveCfg = Release|Any CPU
		{1289B33F-E200-4F3B-8E5F-5D2DAA38D4F8}.Release|Mixed Platforms.Build.0 = Release|Any CPU
		{1289B33F-E200-4F3B-8E5F-5D2DAA38D4F8}.Release|x86.ActiveCfg = Release|Any CPU
		{1289B33F-E200-4F3B-8E5F-5D2DAA38D4F8}.STATIC_ONLY NO_EXPRESSIONS|.NET.ActiveCfg = Release|Any CPU
		{1289B33F-E200-4F3B-8E5F-5D2DAA38D4F8}.STATIC_ONLY NO_EXPRESSIONS|Any CPU.ActiveCfg = Release|Any CPU
		{1289B33F-E200-4F3B-8E5F-5D2DAA38D4F8}.STATIC_ONLY NO_EXPRESSIONS|Any CPU.Build.0 = Release|Any CPU
		{1289B33F-E200-4F3B-8E5F-5D2DAA38D4F8}.STATIC_ONLY NO_EXPRESSIONS|Mixed Platforms.ActiveCfg = Release|Any CPU
		{1289B33F-E200-4F3B-8E5F-5D2DAA38D4F8}.STATIC_ONLY NO_EXPRESSIONS|Mixed Platforms.Build.0 = Release|Any CPU
		{1289B33F-E200-4F3B-8E5F-5D2DAA38D4F8}.STATIC_ONLY NO_EXPRESSIONS|x86.ActiveCfg = Release|Any CPU
		{A5F67579-480B-486B-A3ED-FB78E37039F6}.Debug|.NET.ActiveCfg = Debug|Any CPU
		{A5F67579-480B-486B-A3ED-FB78E37039F6}.Debug|Any CPU.ActiveCfg = Debug|Any CPU
		{A5F67579-480B-486B-A3ED-FB78E37039F6}.Debug|Any CPU.Build.0 = Debug|Any CPU
		{A5F67579-480B-486B-A3ED-FB78E37039F6}.Debug|Mixed Platforms.ActiveCfg = Debug|Any CPU
		{A5F67579-480B-486B-A3ED-FB78E37039F6}.Debug|Mixed Platforms.Build.0 = Debug|Any CPU
		{A5F67579-480B-486B-A3ED-FB78E37039F6}.Debug|x86.ActiveCfg = Debug|Any CPU
		{A5F67579-480B-486B-A3ED-FB78E37039F6}.MonoTouch|.NET.ActiveCfg = Release|Any CPU
		{A5F67579-480B-486B-A3ED-FB78E37039F6}.MonoTouch|Any CPU.ActiveCfg = Release|Any CPU
		{A5F67579-480B-486B-A3ED-FB78E37039F6}.MonoTouch|Any CPU.Build.0 = Release|Any CPU
		{A5F67579-480B-486B-A3ED-FB78E37039F6}.MonoTouch|Mixed Platforms.ActiveCfg = Release|Any CPU
		{A5F67579-480B-486B-A3ED-FB78E37039F6}.MonoTouch|Mixed Platforms.Build.0 = Release|Any CPU
		{A5F67579-480B-486B-A3ED-FB78E37039F6}.MonoTouch|x86.ActiveCfg = Release|Any CPU
		{A5F67579-480B-486B-A3ED-FB78E37039F6}.Release with Code Analysis|.NET.ActiveCfg = Release|Any CPU
		{A5F67579-480B-486B-A3ED-FB78E37039F6}.Release with Code Analysis|Any CPU.ActiveCfg = Release|Any CPU
		{A5F67579-480B-486B-A3ED-FB78E37039F6}.Release with Code Analysis|Any CPU.Build.0 = Release|Any CPU
		{A5F67579-480B-486B-A3ED-FB78E37039F6}.Release with Code Analysis|Mixed Platforms.ActiveCfg = Release|Any CPU
		{A5F67579-480B-486B-A3ED-FB78E37039F6}.Release with Code Analysis|Mixed Platforms.Build.0 = Release|Any CPU
		{A5F67579-480B-486B-A3ED-FB78E37039F6}.Release with Code Analysis|x86.ActiveCfg = Release|Any CPU
		{A5F67579-480B-486B-A3ED-FB78E37039F6}.Release|.NET.ActiveCfg = Release|Any CPU
		{A5F67579-480B-486B-A3ED-FB78E37039F6}.Release|Any CPU.ActiveCfg = Release|Any CPU
		{A5F67579-480B-486B-A3ED-FB78E37039F6}.Release|Any CPU.Build.0 = Release|Any CPU
		{A5F67579-480B-486B-A3ED-FB78E37039F6}.Release|Mixed Platforms.ActiveCfg = Release|Any CPU
		{A5F67579-480B-486B-A3ED-FB78E37039F6}.Release|Mixed Platforms.Build.0 = Release|Any CPU
		{A5F67579-480B-486B-A3ED-FB78E37039F6}.Release|x86.ActiveCfg = Release|Any CPU
		{A5F67579-480B-486B-A3ED-FB78E37039F6}.STATIC_ONLY NO_EXPRESSIONS|.NET.ActiveCfg = Release|Any CPU
		{A5F67579-480B-486B-A3ED-FB78E37039F6}.STATIC_ONLY NO_EXPRESSIONS|Any CPU.ActiveCfg = Release|Any CPU
		{A5F67579-480B-486B-A3ED-FB78E37039F6}.STATIC_ONLY NO_EXPRESSIONS|Any CPU.Build.0 = Release|Any CPU
		{A5F67579-480B-486B-A3ED-FB78E37039F6}.STATIC_ONLY NO_EXPRESSIONS|Mixed Platforms.ActiveCfg = Release|Any CPU
		{A5F67579-480B-486B-A3ED-FB78E37039F6}.STATIC_ONLY NO_EXPRESSIONS|Mixed Platforms.Build.0 = Release|Any CPU
		{A5F67579-480B-486B-A3ED-FB78E37039F6}.STATIC_ONLY NO_EXPRESSIONS|x86.ActiveCfg = Release|Any CPU
		{73A33F71-BD61-4F93-85D1-0B168ED899C6}.Debug|.NET.ActiveCfg = Debug|Any CPU
		{73A33F71-BD61-4F93-85D1-0B168ED899C6}.Debug|Any CPU.ActiveCfg = Debug|Any CPU
		{73A33F71-BD61-4F93-85D1-0B168ED899C6}.Debug|Any CPU.Build.0 = Debug|Any CPU
		{73A33F71-BD61-4F93-85D1-0B168ED899C6}.Debug|Mixed Platforms.ActiveCfg = Debug|Any CPU
		{73A33F71-BD61-4F93-85D1-0B168ED899C6}.Debug|Mixed Platforms.Build.0 = Debug|Any CPU
		{73A33F71-BD61-4F93-85D1-0B168ED899C6}.Debug|x86.ActiveCfg = Debug|Any CPU
		{73A33F71-BD61-4F93-85D1-0B168ED899C6}.MonoTouch|.NET.ActiveCfg = Release|Any CPU
		{73A33F71-BD61-4F93-85D1-0B168ED899C6}.MonoTouch|Any CPU.ActiveCfg = Release|Any CPU
		{73A33F71-BD61-4F93-85D1-0B168ED899C6}.MonoTouch|Any CPU.Build.0 = Release|Any CPU
		{73A33F71-BD61-4F93-85D1-0B168ED899C6}.MonoTouch|Mixed Platforms.ActiveCfg = Release|Any CPU
		{73A33F71-BD61-4F93-85D1-0B168ED899C6}.MonoTouch|Mixed Platforms.Build.0 = Release|Any CPU
		{73A33F71-BD61-4F93-85D1-0B168ED899C6}.MonoTouch|x86.ActiveCfg = Release|Any CPU
		{73A33F71-BD61-4F93-85D1-0B168ED899C6}.Release with Code Analysis|.NET.ActiveCfg = Release|Any CPU
		{73A33F71-BD61-4F93-85D1-0B168ED899C6}.Release with Code Analysis|Any CPU.ActiveCfg = Release|Any CPU
		{73A33F71-BD61-4F93-85D1-0B168ED899C6}.Release with Code Analysis|Any CPU.Build.0 = Release|Any CPU
		{73A33F71-BD61-4F93-85D1-0B168ED899C6}.Release with Code Analysis|Mixed Platforms.ActiveCfg = Release|Any CPU
		{73A33F71-BD61-4F93-85D1-0B168ED899C6}.Release with Code Analysis|Mixed Platforms.Build.0 = Release|Any CPU
		{73A33F71-BD61-4F93-85D1-0B168ED899C6}.Release with Code Analysis|x86.ActiveCfg = Release|Any CPU
		{73A33F71-BD61-4F93-85D1-0B168ED899C6}.Release|.NET.ActiveCfg = Release|Any CPU
		{73A33F71-BD61-4F93-85D1-0B168ED899C6}.Release|Any CPU.ActiveCfg = Release|Any CPU
		{73A33F71-BD61-4F93-85D1-0B168ED899C6}.Release|Any CPU.Build.0 = Release|Any CPU
		{73A33F71-BD61-4F93-85D1-0B168ED899C6}.Release|Mixed Platforms.ActiveCfg = Release|Any CPU
		{73A33F71-BD61-4F93-85D1-0B168ED899C6}.Release|Mixed Platforms.Build.0 = Release|Any CPU
		{73A33F71-BD61-4F93-85D1-0B168ED899C6}.Release|x86.ActiveCfg = Release|Any CPU
		{73A33F71-BD61-4F93-85D1-0B168ED899C6}.STATIC_ONLY NO_EXPRESSIONS|.NET.ActiveCfg = Release|Any CPU
		{73A33F71-BD61-4F93-85D1-0B168ED899C6}.STATIC_ONLY NO_EXPRESSIONS|Any CPU.ActiveCfg = Release|Any CPU
		{73A33F71-BD61-4F93-85D1-0B168ED899C6}.STATIC_ONLY NO_EXPRESSIONS|Any CPU.Build.0 = Release|Any CPU
		{73A33F71-BD61-4F93-85D1-0B168ED899C6}.STATIC_ONLY NO_EXPRESSIONS|Mixed Platforms.ActiveCfg = Release|Any CPU
		{73A33F71-BD61-4F93-85D1-0B168ED899C6}.STATIC_ONLY NO_EXPRESSIONS|Mixed Platforms.Build.0 = Release|Any CPU
		{73A33F71-BD61-4F93-85D1-0B168ED899C6}.STATIC_ONLY NO_EXPRESSIONS|x86.ActiveCfg = Release|Any CPU
		{C6AB30B2-863F-4ABE-A4CF-6C54850086BA}.Debug|.NET.ActiveCfg = Debug|Any CPU
		{C6AB30B2-863F-4ABE-A4CF-6C54850086BA}.Debug|Any CPU.ActiveCfg = Debug|Any CPU
		{C6AB30B2-863F-4ABE-A4CF-6C54850086BA}.Debug|Any CPU.Build.0 = Debug|Any CPU
		{C6AB30B2-863F-4ABE-A4CF-6C54850086BA}.Debug|Mixed Platforms.ActiveCfg = Debug|Any CPU
		{C6AB30B2-863F-4ABE-A4CF-6C54850086BA}.Debug|Mixed Platforms.Build.0 = Debug|Any CPU
		{C6AB30B2-863F-4ABE-A4CF-6C54850086BA}.Debug|x86.ActiveCfg = Debug|Any CPU
		{C6AB30B2-863F-4ABE-A4CF-6C54850086BA}.MonoTouch|.NET.ActiveCfg = Release|Any CPU
		{C6AB30B2-863F-4ABE-A4CF-6C54850086BA}.MonoTouch|Any CPU.ActiveCfg = Release|Any CPU
		{C6AB30B2-863F-4ABE-A4CF-6C54850086BA}.MonoTouch|Any CPU.Build.0 = Release|Any CPU
		{C6AB30B2-863F-4ABE-A4CF-6C54850086BA}.MonoTouch|Mixed Platforms.ActiveCfg = Release|Any CPU
		{C6AB30B2-863F-4ABE-A4CF-6C54850086BA}.MonoTouch|Mixed Platforms.Build.0 = Release|Any CPU
		{C6AB30B2-863F-4ABE-A4CF-6C54850086BA}.MonoTouch|x86.ActiveCfg = Release|Any CPU
		{C6AB30B2-863F-4ABE-A4CF-6C54850086BA}.Release with Code Analysis|.NET.ActiveCfg = Release|Any CPU
		{C6AB30B2-863F-4ABE-A4CF-6C54850086BA}.Release with Code Analysis|Any CPU.ActiveCfg = Release|Any CPU
		{C6AB30B2-863F-4ABE-A4CF-6C54850086BA}.Release with Code Analysis|Any CPU.Build.0 = Release|Any CPU
		{C6AB30B2-863F-4ABE-A4CF-6C54850086BA}.Release with Code Analysis|Mixed Platforms.ActiveCfg = Release|Any CPU
		{C6AB30B2-863F-4ABE-A4CF-6C54850086BA}.Release with Code Analysis|Mixed Platforms.Build.0 = Release|Any CPU
		{C6AB30B2-863F-4ABE-A4CF-6C54850086BA}.Release with Code Analysis|x86.ActiveCfg = Release|Any CPU
		{C6AB30B2-863F-4ABE-A4CF-6C54850086BA}.Release|.NET.ActiveCfg = Release|Any CPU
		{C6AB30B2-863F-4ABE-A4CF-6C54850086BA}.Release|Any CPU.ActiveCfg = Release|Any CPU
		{C6AB30B2-863F-4ABE-A4CF-6C54850086BA}.Release|Any CPU.Build.0 = Release|Any CPU
		{C6AB30B2-863F-4ABE-A4CF-6C54850086BA}.Release|Mixed Platforms.ActiveCfg = Release|Any CPU
		{C6AB30B2-863F-4ABE-A4CF-6C54850086BA}.Release|Mixed Platforms.Build.0 = Release|Any CPU
		{C6AB30B2-863F-4ABE-A4CF-6C54850086BA}.Release|x86.ActiveCfg = Release|Any CPU
		{C6AB30B2-863F-4ABE-A4CF-6C54850086BA}.STATIC_ONLY NO_EXPRESSIONS|.NET.ActiveCfg = Release|Any CPU
		{C6AB30B2-863F-4ABE-A4CF-6C54850086BA}.STATIC_ONLY NO_EXPRESSIONS|Any CPU.ActiveCfg = Release|Any CPU
		{C6AB30B2-863F-4ABE-A4CF-6C54850086BA}.STATIC_ONLY NO_EXPRESSIONS|Any CPU.Build.0 = Release|Any CPU
		{C6AB30B2-863F-4ABE-A4CF-6C54850086BA}.STATIC_ONLY NO_EXPRESSIONS|Mixed Platforms.ActiveCfg = Release|Any CPU
		{C6AB30B2-863F-4ABE-A4CF-6C54850086BA}.STATIC_ONLY NO_EXPRESSIONS|Mixed Platforms.Build.0 = Release|Any CPU
		{C6AB30B2-863F-4ABE-A4CF-6C54850086BA}.STATIC_ONLY NO_EXPRESSIONS|x86.ActiveCfg = Release|Any CPU
		{05EE7A47-AD37-411B-AF6D-BF91BD0F7344}.Debug|.NET.ActiveCfg = Debug|Any CPU
		{05EE7A47-AD37-411B-AF6D-BF91BD0F7344}.Debug|Any CPU.ActiveCfg = Debug|Any CPU
		{05EE7A47-AD37-411B-AF6D-BF91BD0F7344}.Debug|Any CPU.Build.0 = Debug|Any CPU
		{05EE7A47-AD37-411B-AF6D-BF91BD0F7344}.Debug|Mixed Platforms.ActiveCfg = Debug|Any CPU
		{05EE7A47-AD37-411B-AF6D-BF91BD0F7344}.Debug|Mixed Platforms.Build.0 = Debug|Any CPU
		{05EE7A47-AD37-411B-AF6D-BF91BD0F7344}.Debug|x86.ActiveCfg = Debug|Any CPU
		{05EE7A47-AD37-411B-AF6D-BF91BD0F7344}.MonoTouch|.NET.ActiveCfg = Release|Any CPU
		{05EE7A47-AD37-411B-AF6D-BF91BD0F7344}.MonoTouch|Any CPU.ActiveCfg = Release|Any CPU
		{05EE7A47-AD37-411B-AF6D-BF91BD0F7344}.MonoTouch|Any CPU.Build.0 = Release|Any CPU
		{05EE7A47-AD37-411B-AF6D-BF91BD0F7344}.MonoTouch|Mixed Platforms.ActiveCfg = Release|Any CPU
		{05EE7A47-AD37-411B-AF6D-BF91BD0F7344}.MonoTouch|Mixed Platforms.Build.0 = Release|Any CPU
		{05EE7A47-AD37-411B-AF6D-BF91BD0F7344}.MonoTouch|x86.ActiveCfg = Release|Any CPU
		{05EE7A47-AD37-411B-AF6D-BF91BD0F7344}.Release with Code Analysis|.NET.ActiveCfg = Release|Any CPU
		{05EE7A47-AD37-411B-AF6D-BF91BD0F7344}.Release with Code Analysis|Any CPU.ActiveCfg = Release|Any CPU
		{05EE7A47-AD37-411B-AF6D-BF91BD0F7344}.Release with Code Analysis|Any CPU.Build.0 = Release|Any CPU
		{05EE7A47-AD37-411B-AF6D-BF91BD0F7344}.Release with Code Analysis|Mixed Platforms.ActiveCfg = Release|Any CPU
		{05EE7A47-AD37-411B-AF6D-BF91BD0F7344}.Release with Code Analysis|Mixed Platforms.Build.0 = Release|Any CPU
		{05EE7A47-AD37-411B-AF6D-BF91BD0F7344}.Release with Code Analysis|x86.ActiveCfg = Release|Any CPU
		{05EE7A47-AD37-411B-AF6D-BF91BD0F7344}.Release|.NET.ActiveCfg = Release|Any CPU
		{05EE7A47-AD37-411B-AF6D-BF91BD0F7344}.Release|Any CPU.ActiveCfg = Release|Any CPU
		{05EE7A47-AD37-411B-AF6D-BF91BD0F7344}.Release|Any CPU.Build.0 = Release|Any CPU
		{05EE7A47-AD37-411B-AF6D-BF91BD0F7344}.Release|Mixed Platforms.ActiveCfg = Release|Any CPU
		{05EE7A47-AD37-411B-AF6D-BF91BD0F7344}.Release|Mixed Platforms.Build.0 = Release|Any CPU
		{05EE7A47-AD37-411B-AF6D-BF91BD0F7344}.Release|x86.ActiveCfg = Release|Any CPU
		{05EE7A47-AD37-411B-AF6D-BF91BD0F7344}.STATIC_ONLY NO_EXPRESSIONS|.NET.ActiveCfg = Release|Any CPU
		{05EE7A47-AD37-411B-AF6D-BF91BD0F7344}.STATIC_ONLY NO_EXPRESSIONS|Any CPU.ActiveCfg = Release|Any CPU
		{05EE7A47-AD37-411B-AF6D-BF91BD0F7344}.STATIC_ONLY NO_EXPRESSIONS|Any CPU.Build.0 = Release|Any CPU
		{05EE7A47-AD37-411B-AF6D-BF91BD0F7344}.STATIC_ONLY NO_EXPRESSIONS|Mixed Platforms.ActiveCfg = Release|Any CPU
		{05EE7A47-AD37-411B-AF6D-BF91BD0F7344}.STATIC_ONLY NO_EXPRESSIONS|Mixed Platforms.Build.0 = Release|Any CPU
		{05EE7A47-AD37-411B-AF6D-BF91BD0F7344}.STATIC_ONLY NO_EXPRESSIONS|x86.ActiveCfg = Release|Any CPU
		{A1925F08-6470-42C2-907A-03EE35EF5F51}.Debug|.NET.ActiveCfg = Debug|x86
		{A1925F08-6470-42C2-907A-03EE35EF5F51}.Debug|Any CPU.ActiveCfg = Debug|x86
		{A1925F08-6470-42C2-907A-03EE35EF5F51}.Debug|Mixed Platforms.ActiveCfg = Debug|x86
		{A1925F08-6470-42C2-907A-03EE35EF5F51}.Debug|Mixed Platforms.Build.0 = Debug|x86
		{A1925F08-6470-42C2-907A-03EE35EF5F51}.Debug|x86.ActiveCfg = Debug|x86
		{A1925F08-6470-42C2-907A-03EE35EF5F51}.Debug|x86.Build.0 = Debug|x86
		{A1925F08-6470-42C2-907A-03EE35EF5F51}.MonoTouch|.NET.ActiveCfg = Release|x86
		{A1925F08-6470-42C2-907A-03EE35EF5F51}.MonoTouch|Any CPU.ActiveCfg = Release|x86
		{A1925F08-6470-42C2-907A-03EE35EF5F51}.MonoTouch|Mixed Platforms.ActiveCfg = Release|x86
		{A1925F08-6470-42C2-907A-03EE35EF5F51}.MonoTouch|Mixed Platforms.Build.0 = Release|x86
		{A1925F08-6470-42C2-907A-03EE35EF5F51}.MonoTouch|x86.ActiveCfg = Release|x86
		{A1925F08-6470-42C2-907A-03EE35EF5F51}.MonoTouch|x86.Build.0 = Release|x86
		{A1925F08-6470-42C2-907A-03EE35EF5F51}.Release with Code Analysis|.NET.ActiveCfg = Release|x86
		{A1925F08-6470-42C2-907A-03EE35EF5F51}.Release with Code Analysis|Any CPU.ActiveCfg = Release|x86
		{A1925F08-6470-42C2-907A-03EE35EF5F51}.Release with Code Analysis|Mixed Platforms.ActiveCfg = Release|x86
		{A1925F08-6470-42C2-907A-03EE35EF5F51}.Release with Code Analysis|Mixed Platforms.Build.0 = Release|x86
		{A1925F08-6470-42C2-907A-03EE35EF5F51}.Release with Code Analysis|x86.ActiveCfg = Release|x86
		{A1925F08-6470-42C2-907A-03EE35EF5F51}.Release with Code Analysis|x86.Build.0 = Release|x86
		{A1925F08-6470-42C2-907A-03EE35EF5F51}.Release|.NET.ActiveCfg = Release|x86
		{A1925F08-6470-42C2-907A-03EE35EF5F51}.Release|Any CPU.ActiveCfg = Release|x86
		{A1925F08-6470-42C2-907A-03EE35EF5F51}.Release|Mixed Platforms.ActiveCfg = Release|x86
		{A1925F08-6470-42C2-907A-03EE35EF5F51}.Release|Mixed Platforms.Build.0 = Release|x86
		{A1925F08-6470-42C2-907A-03EE35EF5F51}.Release|x86.ActiveCfg = Release|x86
		{A1925F08-6470-42C2-907A-03EE35EF5F51}.Release|x86.Build.0 = Release|x86
		{A1925F08-6470-42C2-907A-03EE35EF5F51}.STATIC_ONLY NO_EXPRESSIONS|.NET.ActiveCfg = Release|x86
		{A1925F08-6470-42C2-907A-03EE35EF5F51}.STATIC_ONLY NO_EXPRESSIONS|Any CPU.ActiveCfg = Release|x86
		{A1925F08-6470-42C2-907A-03EE35EF5F51}.STATIC_ONLY NO_EXPRESSIONS|Mixed Platforms.ActiveCfg = Release|x86
		{A1925F08-6470-42C2-907A-03EE35EF5F51}.STATIC_ONLY NO_EXPRESSIONS|Mixed Platforms.Build.0 = Release|x86
		{A1925F08-6470-42C2-907A-03EE35EF5F51}.STATIC_ONLY NO_EXPRESSIONS|x86.ActiveCfg = Release|x86
		{A1925F08-6470-42C2-907A-03EE35EF5F51}.STATIC_ONLY NO_EXPRESSIONS|x86.Build.0 = Release|x86
		{9606A078-7135-4CE7-879E-39FCF527F1A3}.Debug|.NET.ActiveCfg = Debug|Any CPU
		{9606A078-7135-4CE7-879E-39FCF527F1A3}.Debug|Any CPU.ActiveCfg = Debug|Any CPU
		{9606A078-7135-4CE7-879E-39FCF527F1A3}.Debug|Any CPU.Build.0 = Debug|Any CPU
		{9606A078-7135-4CE7-879E-39FCF527F1A3}.Debug|Mixed Platforms.ActiveCfg = Debug|Any CPU
		{9606A078-7135-4CE7-879E-39FCF527F1A3}.Debug|Mixed Platforms.Build.0 = Debug|Any CPU
		{9606A078-7135-4CE7-879E-39FCF527F1A3}.Debug|x86.ActiveCfg = Debug|Any CPU
		{9606A078-7135-4CE7-879E-39FCF527F1A3}.MonoTouch|.NET.ActiveCfg = Release with Code Analysis|Any CPU
		{9606A078-7135-4CE7-879E-39FCF527F1A3}.MonoTouch|Any CPU.ActiveCfg = Release with Code Analysis|Any CPU
		{9606A078-7135-4CE7-879E-39FCF527F1A3}.MonoTouch|Any CPU.Build.0 = Release with Code Analysis|Any CPU
		{9606A078-7135-4CE7-879E-39FCF527F1A3}.MonoTouch|Mixed Platforms.ActiveCfg = Release with Code Analysis|Any CPU
		{9606A078-7135-4CE7-879E-39FCF527F1A3}.MonoTouch|Mixed Platforms.Build.0 = Release with Code Analysis|Any CPU
		{9606A078-7135-4CE7-879E-39FCF527F1A3}.MonoTouch|x86.ActiveCfg = Release with Code Analysis|Any CPU
		{9606A078-7135-4CE7-879E-39FCF527F1A3}.Release with Code Analysis|.NET.ActiveCfg = Release with Code Analysis|Any CPU
		{9606A078-7135-4CE7-879E-39FCF527F1A3}.Release with Code Analysis|Any CPU.ActiveCfg = Release with Code Analysis|Any CPU
		{9606A078-7135-4CE7-879E-39FCF527F1A3}.Release with Code Analysis|Any CPU.Build.0 = Release with Code Analysis|Any CPU
		{9606A078-7135-4CE7-879E-39FCF527F1A3}.Release with Code Analysis|Mixed Platforms.ActiveCfg = Release with Code Analysis|Any CPU
		{9606A078-7135-4CE7-879E-39FCF527F1A3}.Release with Code Analysis|Mixed Platforms.Build.0 = Release with Code Analysis|Any CPU
		{9606A078-7135-4CE7-879E-39FCF527F1A3}.Release with Code Analysis|x86.ActiveCfg = Release with Code Analysis|Any CPU
		{9606A078-7135-4CE7-879E-39FCF527F1A3}.Release|.NET.ActiveCfg = Release|Any CPU
		{9606A078-7135-4CE7-879E-39FCF527F1A3}.Release|Any CPU.ActiveCfg = Release|Any CPU
		{9606A078-7135-4CE7-879E-39FCF527F1A3}.Release|Any CPU.Build.0 = Release|Any CPU
		{9606A078-7135-4CE7-879E-39FCF527F1A3}.Release|Mixed Platforms.ActiveCfg = Release|Any CPU
		{9606A078-7135-4CE7-879E-39FCF527F1A3}.Release|Mixed Platforms.Build.0 = Release|Any CPU
		{9606A078-7135-4CE7-879E-39FCF527F1A3}.Release|x86.ActiveCfg = Release|Any CPU
		{9606A078-7135-4CE7-879E-39FCF527F1A3}.STATIC_ONLY NO_EXPRESSIONS|.NET.ActiveCfg = Release with Code Analysis|Any CPU
		{9606A078-7135-4CE7-879E-39FCF527F1A3}.STATIC_ONLY NO_EXPRESSIONS|Any CPU.ActiveCfg = Release with Code Analysis|Any CPU
		{9606A078-7135-4CE7-879E-39FCF527F1A3}.STATIC_ONLY NO_EXPRESSIONS|Any CPU.Build.0 = Release with Code Analysis|Any CPU
		{9606A078-7135-4CE7-879E-39FCF527F1A3}.STATIC_ONLY NO_EXPRESSIONS|Mixed Platforms.ActiveCfg = Release with Code Analysis|Any CPU
		{9606A078-7135-4CE7-879E-39FCF527F1A3}.STATIC_ONLY NO_EXPRESSIONS|Mixed Platforms.Build.0 = Release with Code Analysis|Any CPU
		{9606A078-7135-4CE7-879E-39FCF527F1A3}.STATIC_ONLY NO_EXPRESSIONS|x86.ActiveCfg = Release with Code Analysis|Any CPU
		{066FB4E3-8F9C-42D0-9982-8B1F238FAF63}.Debug|.NET.ActiveCfg = Debug|Any CPU
		{066FB4E3-8F9C-42D0-9982-8B1F238FAF63}.Debug|Any CPU.ActiveCfg = Debug|Any CPU
		{066FB4E3-8F9C-42D0-9982-8B1F238FAF63}.Debug|Any CPU.Build.0 = Debug|Any CPU
		{066FB4E3-8F9C-42D0-9982-8B1F238FAF63}.Debug|Mixed Platforms.ActiveCfg = Debug|Any CPU
		{066FB4E3-8F9C-42D0-9982-8B1F238FAF63}.Debug|Mixed Platforms.Build.0 = Debug|Any CPU
		{066FB4E3-8F9C-42D0-9982-8B1F238FAF63}.Debug|x86.ActiveCfg = Debug|Any CPU
		{066FB4E3-8F9C-42D0-9982-8B1F238FAF63}.MonoTouch|.NET.ActiveCfg = Release with Code Analysis|Any CPU
		{066FB4E3-8F9C-42D0-9982-8B1F238FAF63}.MonoTouch|Any CPU.ActiveCfg = Release with Code Analysis|Any CPU
		{066FB4E3-8F9C-42D0-9982-8B1F238FAF63}.MonoTouch|Any CPU.Build.0 = Release with Code Analysis|Any CPU
		{066FB4E3-8F9C-42D0-9982-8B1F238FAF63}.MonoTouch|Mixed Platforms.ActiveCfg = Release with Code Analysis|Any CPU
		{066FB4E3-8F9C-42D0-9982-8B1F238FAF63}.MonoTouch|Mixed Platforms.Build.0 = Release with Code Analysis|Any CPU
		{066FB4E3-8F9C-42D0-9982-8B1F238FAF63}.MonoTouch|x86.ActiveCfg = Release with Code Analysis|Any CPU
		{066FB4E3-8F9C-42D0-9982-8B1F238FAF63}.Release with Code Analysis|.NET.ActiveCfg = Release with Code Analysis|Any CPU
		{066FB4E3-8F9C-42D0-9982-8B1F238FAF63}.Release with Code Analysis|Any CPU.ActiveCfg = Release with Code Analysis|Any CPU
		{066FB4E3-8F9C-42D0-9982-8B1F238FAF63}.Release with Code Analysis|Any CPU.Build.0 = Release with Code Analysis|Any CPU
		{066FB4E3-8F9C-42D0-9982-8B1F238FAF63}.Release with Code Analysis|Mixed Platforms.ActiveCfg = Release with Code Analysis|Any CPU
		{066FB4E3-8F9C-42D0-9982-8B1F238FAF63}.Release with Code Analysis|Mixed Platforms.Build.0 = Release with Code Analysis|Any CPU
		{066FB4E3-8F9C-42D0-9982-8B1F238FAF63}.Release with Code Analysis|x86.ActiveCfg = Release with Code Analysis|Any CPU
		{066FB4E3-8F9C-42D0-9982-8B1F238FAF63}.Release|.NET.ActiveCfg = Release|Any CPU
		{066FB4E3-8F9C-42D0-9982-8B1F238FAF63}.Release|Any CPU.ActiveCfg = Release|Any CPU
		{066FB4E3-8F9C-42D0-9982-8B1F238FAF63}.Release|Any CPU.Build.0 = Release|Any CPU
		{066FB4E3-8F9C-42D0-9982-8B1F238FAF63}.Release|Mixed Platforms.ActiveCfg = Release|Any CPU
		{066FB4E3-8F9C-42D0-9982-8B1F238FAF63}.Release|Mixed Platforms.Build.0 = Release|Any CPU
		{066FB4E3-8F9C-42D0-9982-8B1F238FAF63}.Release|x86.ActiveCfg = Release|Any CPU
		{066FB4E3-8F9C-42D0-9982-8B1F238FAF63}.STATIC_ONLY NO_EXPRESSIONS|.NET.ActiveCfg = Release with Code Analysis|Any CPU
		{066FB4E3-8F9C-42D0-9982-8B1F238FAF63}.STATIC_ONLY NO_EXPRESSIONS|Any CPU.ActiveCfg = Release with Code Analysis|Any CPU
		{066FB4E3-8F9C-42D0-9982-8B1F238FAF63}.STATIC_ONLY NO_EXPRESSIONS|Any CPU.Build.0 = Release with Code Analysis|Any CPU
		{066FB4E3-8F9C-42D0-9982-8B1F238FAF63}.STATIC_ONLY NO_EXPRESSIONS|Mixed Platforms.ActiveCfg = Release with Code Analysis|Any CPU
		{066FB4E3-8F9C-42D0-9982-8B1F238FAF63}.STATIC_ONLY NO_EXPRESSIONS|Mixed Platforms.Build.0 = Release with Code Analysis|Any CPU
		{066FB4E3-8F9C-42D0-9982-8B1F238FAF63}.STATIC_ONLY NO_EXPRESSIONS|x86.ActiveCfg = Release with Code Analysis|Any CPU
		{BF334B69-E2BD-4CF8-81A5-6C523EE9BC9A}.Debug|.NET.ActiveCfg = Debug|Any CPU
		{BF334B69-E2BD-4CF8-81A5-6C523EE9BC9A}.Debug|Any CPU.ActiveCfg = Debug|Any CPU
		{BF334B69-E2BD-4CF8-81A5-6C523EE9BC9A}.Debug|Any CPU.Build.0 = Debug|Any CPU
		{BF334B69-E2BD-4CF8-81A5-6C523EE9BC9A}.Debug|Mixed Platforms.ActiveCfg = Debug|Any CPU
		{BF334B69-E2BD-4CF8-81A5-6C523EE9BC9A}.Debug|Mixed Platforms.Build.0 = Debug|Any CPU
		{BF334B69-E2BD-4CF8-81A5-6C523EE9BC9A}.Debug|x86.ActiveCfg = Debug|Any CPU
		{BF334B69-E2BD-4CF8-81A5-6C523EE9BC9A}.MonoTouch|.NET.ActiveCfg = Release|Any CPU
		{BF334B69-E2BD-4CF8-81A5-6C523EE9BC9A}.MonoTouch|Any CPU.ActiveCfg = Release|Any CPU
		{BF334B69-E2BD-4CF8-81A5-6C523EE9BC9A}.MonoTouch|Any CPU.Build.0 = Release|Any CPU
		{BF334B69-E2BD-4CF8-81A5-6C523EE9BC9A}.MonoTouch|Mixed Platforms.ActiveCfg = Release|Any CPU
		{BF334B69-E2BD-4CF8-81A5-6C523EE9BC9A}.MonoTouch|Mixed Platforms.Build.0 = Release|Any CPU
		{BF334B69-E2BD-4CF8-81A5-6C523EE9BC9A}.MonoTouch|x86.ActiveCfg = Release|Any CPU
		{BF334B69-E2BD-4CF8-81A5-6C523EE9BC9A}.Release with Code Analysis|.NET.ActiveCfg = Release|Any CPU
		{BF334B69-E2BD-4CF8-81A5-6C523EE9BC9A}.Release with Code Analysis|Any CPU.ActiveCfg = Release|Any CPU
		{BF334B69-E2BD-4CF8-81A5-6C523EE9BC9A}.Release with Code Analysis|Any CPU.Build.0 = Release|Any CPU
		{BF334B69-E2BD-4CF8-81A5-6C523EE9BC9A}.Release with Code Analysis|Mixed Platforms.ActiveCfg = Release|Any CPU
		{BF334B69-E2BD-4CF8-81A5-6C523EE9BC9A}.Release with Code Analysis|Mixed Platforms.Build.0 = Release|Any CPU
		{BF334B69-E2BD-4CF8-81A5-6C523EE9BC9A}.Release with Code Analysis|x86.ActiveCfg = Release|Any CPU
		{BF334B69-E2BD-4CF8-81A5-6C523EE9BC9A}.Release|.NET.ActiveCfg = Release|Any CPU
		{BF334B69-E2BD-4CF8-81A5-6C523EE9BC9A}.Release|Any CPU.ActiveCfg = Release|Any CPU
		{BF334B69-E2BD-4CF8-81A5-6C523EE9BC9A}.Release|Any CPU.Build.0 = Release|Any CPU
		{BF334B69-E2BD-4CF8-81A5-6C523EE9BC9A}.Release|Mixed Platforms.ActiveCfg = Release|Any CPU
		{BF334B69-E2BD-4CF8-81A5-6C523EE9BC9A}.Release|Mixed Platforms.Build.0 = Release|Any CPU
		{BF334B69-E2BD-4CF8-81A5-6C523EE9BC9A}.Release|x86.ActiveCfg = Release|Any CPU
		{BF334B69-E2BD-4CF8-81A5-6C523EE9BC9A}.STATIC_ONLY NO_EXPRESSIONS|.NET.ActiveCfg = Release|Any CPU
		{BF334B69-E2BD-4CF8-81A5-6C523EE9BC9A}.STATIC_ONLY NO_EXPRESSIONS|Any CPU.ActiveCfg = Release|Any CPU
		{BF334B69-E2BD-4CF8-81A5-6C523EE9BC9A}.STATIC_ONLY NO_EXPRESSIONS|Any CPU.Build.0 = Release|Any CPU
		{BF334B69-E2BD-4CF8-81A5-6C523EE9BC9A}.STATIC_ONLY NO_EXPRESSIONS|Mixed Platforms.ActiveCfg = Release|Any CPU
		{BF334B69-E2BD-4CF8-81A5-6C523EE9BC9A}.STATIC_ONLY NO_EXPRESSIONS|Mixed Platforms.Build.0 = Release|Any CPU
		{BF334B69-E2BD-4CF8-81A5-6C523EE9BC9A}.STATIC_ONLY NO_EXPRESSIONS|x86.ActiveCfg = Release|Any CPU
	EndGlobalSection
	GlobalSection(SolutionProperties) = preSolution
		HideSolutionNode = FALSE
	EndGlobalSection
	GlobalSection(NestedProjects) = preSolution
		{A5F67579-480B-486B-A3ED-FB78E37039F6} = {9F0F52B7-2435-4E19-A8F2-450031975F19}
		{73A33F71-BD61-4F93-85D1-0B168ED899C6} = {9F0F52B7-2435-4E19-A8F2-450031975F19}
		{C6AB30B2-863F-4ABE-A4CF-6C54850086BA} = {97E18AE7-40FE-4DA4-A1B7-A3901AFE1B7B}
		{05EE7A47-AD37-411B-AF6D-BF91BD0F7344} = {97E18AE7-40FE-4DA4-A1B7-A3901AFE1B7B}
		{A1925F08-6470-42C2-907A-03EE35EF5F51} = {97E18AE7-40FE-4DA4-A1B7-A3901AFE1B7B}
		{1289B33F-E200-4F3B-8E5F-5D2DAA38D4F8} = {AA4494B8-27CD-4369-8B5D-E2327B39EA52}
		{9606A078-7135-4CE7-879E-39FCF527F1A3} = {AA4494B8-27CD-4369-8B5D-E2327B39EA52}
		{066FB4E3-8F9C-42D0-9982-8B1F238FAF63} = {AA4494B8-27CD-4369-8B5D-E2327B39EA52}
		{BF334B69-E2BD-4CF8-81A5-6C523EE9BC9A} = {AEDC60BC-33AC-4F88-94B7-37CFDD75EB23}
	EndGlobalSection
EndGlobal
